
Microsoft Visual Studio Solution File, Format Version 12.00
Project("{FAE04EC0-301F-11D3-BF4B-00C04F79EFBC}") = "DopplerEngine", "DopplerEngine\DopplerEngine.csproj", "{F606E30E-901E-478D-A171-538BAD1B2145}"
EndProject
Project("{FAE04EC0-301F-11D3-BF4B-00C04F79EFBC}") = "DopplerEngineDemo", "DopplerEngineDemo\DopplerEngineDemo.csproj", "{A42030DB-BC8D-45BB-98BF-209B466F0D9D}"
EndProject
Global
	GlobalSection(SolutionConfigurationPlatforms) = preSolution
		Debug|Any CPU = Debug|Any CPU
		Release|Any CPU = Release|Any CPU
	EndGlobalSection
	GlobalSection(ProjectConfigurationPlatforms) = postSolution
		{F606E30E-901E-478D-A171-538BAD1B2145}.Debug|Any CPU.ActiveCfg = Debug|Any CPU
		{F606E30E-901E-478D-A171-538BAD1B2145}.Debug|Any CPU.Build.0 = Debug|Any CPU
		{F606E30E-901E-478D-A171-538BAD1B2145}.Release|Any CPU.ActiveCfg = Release|Any CPU
		{F606E30E-901E-478D-A171-538BAD1B2145}.Release|Any CPU.Build.0 = Release|Any CPU
		{A42030DB-BC8D-45BB-98BF-209B466F0D9D}.Debug|Any CPU.ActiveCfg = Debug|Any CPU
		{A42030DB-BC8D-45BB-98BF-209B466F0D9D}.Debug|Any CPU.Build.0 = Debug|Any CPU
		{A42030DB-BC8D-45BB-98BF-209B466F0D9D}.Release|Any CPU.ActiveCfg = Release|Any CPU
		{A42030DB-BC8D-45BB-98BF-209B466F0D9D}.Release|Any CPU.Build.0 = Release|Any CPU
	EndGlobalSection
EndGlobal
